version = 1
requires-python = ">=3.13"

[[package]]
name = "dory"
version = "0.1.0"
source = { virtual = "." }
dependencies = [
    { name = "polars" },
]

[package.metadata]
requires-dist = [{ name = "polars", specifier = ">=1.33.1" }]

[[package]]
name = "polars"
version = "1.33.1"
source = { registry = "https://pypi.org/simple" }
sdist = { url = "https://files.pythonhosted.org/packages/85/da/8246f1d69d7e49f96f0c5529057a19af1536621748ef214bbd4112c83b8e/polars-1.33.1.tar.gz", hash = "sha256:fa3fdc34eab52a71498264d6ff9b0aa6955eb4b0ae8add5d3cb43e4b84644007", size = 4822485 }
wheels = [
    { url = "https://files.pythonhosted.org/packages/19/79/c51e7e1d707d8359bcb76e543a8315b7ae14069ecf5e75262a0ecb32e044/polars-1.33.1-cp39-abi3-macosx_10_12_x86_64.whl", hash = "sha256:3881c444b0f14778ba94232f077a709d435977879c1b7d7bd566b55bd1830bb5", size = 39132875 },
    { url = "https://files.pythonhosted.org/packages/f8/15/1094099a1b9cb4fbff58cd8ed3af8964f4d22a5b682ea0b7bb72bf4bc3d9/polars-1.33.1-cp39-abi3-macosx_11_0_arm64.whl", hash = "sha256:29200b89c9a461e6f06fc1660bc9c848407640ee30fe0e5ef4947cfd49d55337", size = 35638783 },
    { url = "https://files.pythonhosted.org/packages/8d/b9/9ac769e4d8e8f22b0f2e974914a63dd14dec1340cd23093de40f0d67d73b/polars-1.33.1-cp39-abi3-manylinux_2_17_x86_64.manylinux2014_x86_64.whl", hash = "sha256:444940646e76342abaa47f126c70e3e40b56e8e02a9e89e5c5d1c24b086db58a", size = 39742297 },
    { url = "https://files.pythonhosted.org/packages/7a/26/4c5da9f42fa067b2302fe62bcbf91faac5506c6513d910fae9548fc78d65/polars-1.33.1-cp39-abi3-manylinux_2_24_aarch64.whl", hash = "sha256:094a37d06789286649f654f229ec4efb9376630645ba8963b70cb9c0b008b3e1", size = 36684940 },
    { url = "https://files.pythonhosted.org/packages/06/a6/dc535da476c93b2efac619e04ab81081e004e4b4553352cd10e0d33a015d/polars-1.33.1-cp39-abi3-win_amd64.whl", hash = "sha256:c9781c704432a2276a185ee25898aa427f39a904fbe8fde4ae779596cdbd7a9e", size = 39456676 },
    { url = "https://files.pythonhosted.org/packages/cb/4e/a4300d52dd81b58130ccadf3873f11b3c6de54836ad4a8f32bac2bd2ba17/polars-1.33.1-cp39-abi3-win_arm64.whl", hash = "sha256:c3cfddb3b78eae01a218222bdba8048529fef7e14889a71e33a5198644427642", size = 35445171 },
]
